
Microsoft Visual Studio Solution File, Format Version 12.00
# Visual Studio Version 16
VisualStudioVersion = 16.0.29709.97
MinimumVisualStudioVersion = 10.0.40219.1
Project("{FAE04EC0-301F-11D3-BF4B-00C04F79EFBC}") = "7thTask", "7thTask\7thTask.csproj", "{E1FE621A-2B80-4A34-8E61-34411435F874}"
EndProject
Global
	GlobalSection(SolutionConfigurationPlatforms) = preSolution
		Debug|Any CPU = Debug|Any CPU
		Release|Any CPU = Release|Any CPU
	EndGlobalSection
	GlobalSection(ProjectConfigurationPlatforms) = postSolution
		{E1FE621A-2B80-4A34-8E61-34411435F874}.Debug|Any CPU.ActiveCfg = Debug|Any CPU
		{E1FE621A-2B80-4A34-8E61-34411435F874}.Debug|Any CPU.Build.0 = Debug|Any CPU
		{E1FE621A-2B80-4A34-8E61-34411435F874}.Release|Any CPU.ActiveCfg = Release|Any CPU
		{E1FE621A-2B80-4A34-8E61-34411435F874}.Release|Any CPU.Build.0 = Release|Any CPU
	EndGlobalSection
	GlobalSection(SolutionProperties) = preSolution
		HideSolutionNode = FALSE
	EndGlobalSection
	GlobalSection(ExtensibilityGlobals) = postSolution
		SolutionGuid = {EAD7C50C-B9A1-4ED5-98A2-3EF536A8C168}
	EndGlobalSection
EndGlobal
